{
  "name": "cfzhv3.0",
  "version": "1.0.0",
  "lockfileVersion": 3,
  "requires": true,
  "packages": {
    "": {
      "name": "cfzhv3.0",
      "version": "1.0.0",
      "license": "ISC",
      "dependencies": {
        "dayjs": "^1.11.10"
      }
    },
    "node_modules/dayjs": {
      "version": "1.11.10",
      "resolved": "http://192.168.2.3:8080/repository/group-npm/dayjs/-/dayjs-1.11.10.tgz",
      "integrity": "sha512-vjAczensTgRcqDERK0SR2XMwsF/tSvnvlv6VcF2GIhg6Sx4yOIt/irsr1RDJsKiIyBzJDpCoXiWWq28MqH2cnQ==",
      "license": "MIT"
    }
  }
}
